// !$*UTF8*$!
{
	archiveVersion = 1;
	classes = {
	};
	objectVersion = 46;
	objects = {

/* Begin PBXBuildFile section */
		E6039CAE15B266BB00F0EB36 /* UIKit.framework in Frameworks */ = {isa = PBXBuildFile; fileRef = E6039CAD15B266BB00F0EB36 /* UIKit.framework */; };
		E6039CB015B266BB00F0EB36 /* Foundation.framework in Frameworks */ = {isa = PBXBuildFile; fileRef = E6039CAF15B266BB00F0EB36 /* Foundation.framework */; };
		E6039CB215B266BB00F0EB36 /* CoreGraphics.framework in Frameworks */ = {isa = PBXBuildFile; fileRef = E6039CB115B266BB00F0EB36 /* CoreGraphics.framework */; };
		E6039CB815B266BB00F0EB36 /* InfoPlist.strings in Resources */ = {isa = PBXBuildFile; fileRef = E6039CB615B266BB00F0EB36 /* InfoPlist.strings */; };
		E6039CBA15B266BB00F0EB36 /* main.m in Sources */ = {isa = PBXBuildFile; fileRef = E6039CB915B266BB00F0EB36 /* main.m */; };
		E6039CBE15B266BB00F0EB36 /* AppDelegate.m in Sources */ = {isa = PBXBuildFile; fileRef = E6039CBD15B266BB00F0EB36 /* AppDelegate.m */; };
		E6039CC115B266BB00F0EB36 /* MainStoryboard.storyboard in Resources */ = {isa = PBXBuildFile; fileRef = E6039CBF15B266BB00F0EB36 /* MainStoryboard.storyboard */; };
		E6039CC415B266BB00F0EB36 /* MasterViewController.m in Sources */ = {isa = PBXBuildFile; fileRef = E6039CC315B266BB00F0EB36 /* MasterViewController.m */; };
		E6039CC715B266BB00F0EB36 /* DetailViewController.m in Sources */ = {isa = PBXBuildFile; fileRef = E6039CC615B266BB00F0EB36 /* DetailViewController.m */; };
		E6039CD115B2680500F0EB36 /* FoodStore.m in Sources */ = {isa = PBXBuildFile; fileRef = E6039CD015B2680500F0EB36 /* FoodStore.m */; };
		E6039CD315B269B800F0EB36 /* stores.plist in Resources */ = {isa = PBXBuildFile; fileRef = E6039CD215B269B800F0EB36 /* stores.plist */; };
		E677C56F15B477DA00A08BBD /* MapViewController.m in Sources */ = {isa = PBXBuildFile; fileRef = E677C56E15B477DA00A08BBD /* MapViewController.m */; };
		E677C57315B4907400A08BBD /* MyAnnotation.m in Sources */ = {isa = PBXBuildFile; fileRef = E677C57215B4907400A08BBD /* MyAnnotation.m */; };
		E678AC9D15B3982C00E27A15 /* foodGenericHd.png in Resources */ = {isa = PBXBuildFile; fileRef = E678AC9C15B3982C00E27A15 /* foodGenericHd.png */; };
		E678ACA015B3999100E27A15 /* callGenericHd.png in Resources */ = {isa = PBXBuildFile; fileRef = E678AC9F15B3999100E27A15 /* callGenericHd.png */; };
		E678ACA615B3A1C800E27A15 /* File3.png in Resources */ = {isa = PBXBuildFile; fileRef = E678ACA515B3A1C800E27A15 /* File3.png */; };
		E678ACA815B3AB4300E27A15 /* MapKit.framework in Frameworks */ = {isa = PBXBuildFile; fileRef = E678ACA715B3AB4300E27A15 /* MapKit.framework */; };
		E678ACB015B3C23D00E27A15 /* logo_almacen.png in Resources */ = {isa = PBXBuildFile; fileRef = E678ACAC15B3C23C00E27A15 /* logo_almacen.png */; };
		E678ACB115B3C23D00E27A15 /* logo_romario.jpg in Resources */ = {isa = PBXBuildFile; fileRef = E678ACAD15B3C23C00E27A15 /* logo_romario.jpg */; };
		E678ACB215B3C23D00E27A15 /* logo_sushi_club.jpg in Resources */ = {isa = PBXBuildFile; fileRef = E678ACAE15B3C23D00E27A15 /* logo_sushi_club.jpg */; };
		E678ACB315B3C23D00E27A15 /* logo_sushi_pop.jpg in Resources */ = {isa = PBXBuildFile; fileRef = E678ACAF15B3C23D00E27A15 /* logo_sushi_pop.jpg */; };
		E678ACB715B3C76B00E27A15 /* foodGenericHdcopy.png in Resources */ = {isa = PBXBuildFile; fileRef = E678ACB615B3C76B00E27A15 /* foodGenericHdcopy.png */; };
/* End PBXBuildFile section */

/* Begin PBXFileReference section */
		E6039CA915B266BB00F0EB36 /* OrderFood.app */ = {isa = PBXFileReference; explicitFileType = wrapper.application; includeInIndex = 0; path = OrderFood.app; sourceTree = BUILT_PRODUCTS_DIR; };
		E6039CAD15B266BB00F0EB36 /* UIKit.framework */ = {isa = PBXFileReference; lastKnownFileType = wrapper.framework; name = UIKit.framework; path = System/Library/Frameworks/UIKit.framework; sourceTree = SDKROOT; };
		E6039CAF15B266BB00F0EB36 /* Foundation.framework */ = {isa = PBXFileReference; lastKnownFileType = wrapper.framework; name = Foundation.framework; path = System/Library/Frameworks/Foundation.framework; sourceTree = SDKROOT; };
		E6039CB115B266BB00F0EB36 /* CoreGraphics.framework */ = {isa = PBXFileReference; lastKnownFileType = wrapper.framework; name = CoreGraphics.framework; path = System/Library/Frameworks/CoreGraphics.framework; sourceTree = SDKROOT; };
		E6039CB515B266BB00F0EB36 /* OrderFood-Info.plist */ = {isa = PBXFileReference; lastKnownFileType = text.plist.xml; path = "OrderFood-Info.plist"; sourceTree = "<group>"; };
		E6039CB715B266BB00F0EB36 /* en */ = {isa = PBXFileReference; lastKnownFileType = text.plist.strings; name = en; path = en.lproj/InfoPlist.strings; sourceTree = "<group>"; };
		E6039CB915B266BB00F0EB36 /* main.m */ = {isa = PBXFileReference; lastKnownFileType = sourcecode.c.objc; path = main.m; sourceTree = "<group>"; };
		E6039CBB15B266BB00F0EB36 /* OrderFood-Prefix.pch */ = {isa = PBXFileReference; lastKnownFileType = sourcecode.c.h; path = "OrderFood-Prefix.pch"; sourceTree = "<group>"; };
		E6039CBC15B266BB00F0EB36 /* AppDelegate.h */ = {isa = PBXFileReference; lastKnownFileType = sourcecode.c.h; path = AppDelegate.h; sourceTree = "<group>"; };
		E6039CBD15B266BB00F0EB36 /* AppDelegate.m */ = {isa = PBXFileReference; lastKnownFileType = sourcecode.c.objc; path = AppDelegate.m; sourceTree = "<group>"; };
		E6039CC015B266BB00F0EB36 /* en */ = {isa = PBXFileReference; lastKnownFileType = file.storyboard; name = en; path = en.lproj/MainStoryboard.storyboard; sourceTree = "<group>"; };
		E6039CC215B266BB00F0EB36 /* MasterViewController.h */ = {isa = PBXFileReference; lastKnownFileType = sourcecode.c.h; path = MasterViewController.h; sourceTree = "<group>"; };
		E6039CC315B266BB00F0EB36 /* MasterViewController.m */ = {isa = PBXFileReference; lastKnownFileType = sourcecode.c.objc; path = MasterViewController.m; sourceTree = "<group>"; };
		E6039CC515B266BB00F0EB36 /* DetailViewController.h */ = {isa = PBXFileReference; lastKnownFileType = sourcecode.c.h; path = DetailViewController.h; sourceTree = "<group>"; };
		E6039CC615B266BB00F0EB36 /* DetailViewController.m */ = {isa = PBXFileReference; lastKnownFileType = sourcecode.c.objc; path = DetailViewController.m; sourceTree = "<group>"; };
		E6039CCF15B2680500F0EB36 /* FoodStore.h */ = {isa = PBXFileReference; fileEncoding = 4; lastKnownFileType = sourcecode.c.h; path = FoodStore.h; sourceTree = "<group>"; };
		E6039CD015B2680500F0EB36 /* FoodStore.m */ = {isa = PBXFileReference; fileEncoding = 4; lastKnownFileType = sourcecode.c.objc; path = FoodStore.m; sourceTree = "<group>"; };
		E6039CD215B269B800F0EB36 /* stores.plist */ = {isa = PBXFileReference; fileEncoding = 4; lastKnownFileType = text.plist.xml; path = stores.plist; sourceTree = "<group>"; };
		E677C56D15B477DA00A08BBD /* MapViewController.h */ = {isa = PBXFileReference; fileEncoding = 4; lastKnownFileType = sourcecode.c.h; path = MapViewController.h; sourceTree = "<group>"; };
		E677C56E15B477DA00A08BBD /* MapViewController.m */ = {isa = PBXFileReference; fileEncoding = 4; lastKnownFileType = sourcecode.c.objc; path = MapViewController.m; sourceTree = "<group>"; };
		E677C57115B4907400A08BBD /* MyAnnotation.h */ = {isa = PBXFileReference; fileEncoding = 4; lastKnownFileType = sourcecode.c.h; path = MyAnnotation.h; sourceTree = "<group>"; };
		E677C57215B4907400A08BBD /* MyAnnotation.m */ = {isa = PBXFileReference; fileEncoding = 4; lastKnownFileType = sourcecode.c.objc; path = MyAnnotation.m; sourceTree = "<group>"; };
		E678AC9C15B3982C00E27A15 /* foodGenericHd.png */ = {isa = PBXFileReference; lastKnownFileType = image.png; path = foodGenericHd.png; sourceTree = "<group>"; };
		E678AC9F15B3999100E27A15 /* callGenericHd.png */ = {isa = PBXFileReference; lastKnownFileType = image.png; path = callGenericHd.png; sourceTree = "<group>"; };
		E678ACA515B3A1C800E27A15 /* File3.png */ = {isa = PBXFileReference; lastKnownFileType = image.png; path = File3.png; sourceTree = "<group>"; };
		E678ACA715B3AB4300E27A15 /* MapKit.framework */ = {isa = PBXFileReference; lastKnownFileType = wrapper.framework; name = MapKit.framework; path = System/Library/Frameworks/MapKit.framework; sourceTree = SDKROOT; };
		E678ACAC15B3C23C00E27A15 /* logo_almacen.png */ = {isa = PBXFileReference; lastKnownFileType = image.png; name = logo_almacen.png; path = ../../../Downloads/Logos/logo_almacen.png; sourceTree = "<group>"; };
		E678ACAD15B3C23C00E27A15 /* logo_romario.jpg */ = {isa = PBXFileReference; lastKnownFileType = image.jpeg; name = logo_romario.jpg; path = ../../../Downloads/Logos/logo_romario.jpg; sourceTree = "<group>"; };
		E678ACAE15B3C23D00E27A15 /* logo_sushi_club.jpg */ = {isa = PBXFileReference; lastKnownFileType = image.jpeg; name = logo_sushi_club.jpg; path = ../../../Downloads/Logos/logo_sushi_club.jpg; sourceTree = "<group>"; };
		E678ACAF15B3C23D00E27A15 /* logo_sushi_pop.jpg */ = {isa = PBXFileReference; lastKnownFileType = image.jpeg; name = logo_sushi_pop.jpg; path = ../../../Downloads/Logos/logo_sushi_pop.jpg; sourceTree = "<group>"; };
		E678ACB615B3C76B00E27A15 /* foodGenericHdcopy.png */ = {isa = PBXFileReference; lastKnownFileType = image.png; path = foodGenericHdcopy.png; sourceTree = "<group>"; };
/* End PBXFileReference section */

/* Begin PBXFrameworksBuildPhase section */
		E6039CA615B266BB00F0EB36 /* Frameworks */ = {
			isa = PBXFrameworksBuildPhase;
			buildActionMask = 2147483647;
			files = (
				E678ACA815B3AB4300E27A15 /* MapKit.framework in Frameworks */,
				E6039CAE15B266BB00F0EB36 /* UIKit.framework in Frameworks */,
				E6039CB015B266BB00F0EB36 /* Foundation.framework in Frameworks */,
				E6039CB215B266BB00F0EB36 /* CoreGraphics.framework in Frameworks */,
			);
			runOnlyForDeploymentPostprocessing = 0;
		};
/* End PBXFrameworksBuildPhase section */

/* Begin PBXGroup section */
		E6039C9E15B266BB00F0EB36 = {
			isa = PBXGroup;
			children = (
				E678ACB615B3C76B00E27A15 /* foodGenericHdcopy.png */,
				E678ACA715B3AB4300E27A15 /* MapKit.framework */,
				E6039CB315B266BB00F0EB36 /* OrderFood */,
				E6039CAC15B266BB00F0EB36 /* Frameworks */,
				E6039CAA15B266BB00F0EB36 /* Products */,
			);
			sourceTree = "<group>";
		};
		E6039CAA15B266BB00F0EB36 /* Products */ = {
			isa = PBXGroup;
			children = (
				E6039CA915B266BB00F0EB36 /* OrderFood.app */,
			);
			name = Products;
			sourceTree = "<group>";
		};
		E6039CAC15B266BB00F0EB36 /* Frameworks */ = {
			isa = PBXGroup;
			children = (
				E6039CAD15B266BB00F0EB36 /* UIKit.framework */,
				E6039CAF15B266BB00F0EB36 /* Foundation.framework */,
				E6039CB115B266BB00F0EB36 /* CoreGraphics.framework */,
			);
			name = Frameworks;
			sourceTree = "<group>";
		};
		E6039CB315B266BB00F0EB36 /* OrderFood */ = {
			isa = PBXGroup;
			children = (
				E677C57015B4905400A08BBD /* Protocol Objects */,
				E678ACAC15B3C23C00E27A15 /* logo_almacen.png */,
				E678ACAD15B3C23C00E27A15 /* logo_romario.jpg */,
				E678ACAE15B3C23D00E27A15 /* logo_sushi_club.jpg */,
				E678ACAF15B3C23D00E27A15 /* logo_sushi_pop.jpg */,
				E678ACA515B3A1C800E27A15 /* File3.png */,
				E678AC9F15B3999100E27A15 /* callGenericHd.png */,
				E678AC9C15B3982C00E27A15 /* foodGenericHd.png */,
				E6039CCE15B267D900F0EB36 /* Model */,
				E6039CCD15B267C500F0EB36 /* GUI */,
				E6039CB415B266BB00F0EB36 /* Supporting Files */,
			);
			path = OrderFood;
			sourceTree = "<group>";
		};
		E6039CB415B266BB00F0EB36 /* Supporting Files */ = {
			isa = PBXGroup;
			children = (
				E6039CB515B266BB00F0EB36 /* OrderFood-Info.plist */,
				E6039CB615B266BB00F0EB36 /* InfoPlist.strings */,
				E6039CB915B266BB00F0EB36 /* main.m */,
				E6039CBB15B266BB00F0EB36 /* OrderFood-Prefix.pch */,
				E6039CD215B269B800F0EB36 /* stores.plist */,
			);
			name = "Supporting Files";
			sourceTree = "<group>";
		};
		E6039CCD15B267C500F0EB36 /* GUI */ = {
			isa = PBXGroup;
			children = (
				E6039CBC15B266BB00F0EB36 /* AppDelegate.h */,
				E6039CBD15B266BB00F0EB36 /* AppDelegate.m */,
				E6039CBF15B266BB00F0EB36 /* MainStoryboard.storyboard */,
				E6039CC215B266BB00F0EB36 /* MasterViewController.h */,
				E6039CC315B266BB00F0EB36 /* MasterViewController.m */,
				E6039CC515B266BB00F0EB36 /* DetailViewController.h */,
				E6039CC615B266BB00F0EB36 /* DetailViewController.m */,
				E677C56D15B477DA00A08BBD /* MapViewController.h */,
				E677C56E15B477DA00A08BBD /* MapViewController.m */,
			);
			name = GUI;
			sourceTree = "<group>";
		};
		E6039CCE15B267D900F0EB36 /* Model */ = {
			isa = PBXGroup;
			children = (
				E6039CCF15B2680500F0EB36 /* FoodStore.h */,
				E6039CD015B2680500F0EB36 /* FoodStore.m */,
			);
			name = Model;
			sourceTree = "<group>";
		};
		E677C57015B4905400A08BBD /* Protocol Objects */ = {
			isa = PBXGroup;
			children = (
				E677C57115B4907400A08BBD /* MyAnnotation.h */,
				E677C57215B4907400A08BBD /* MyAnnotation.m */,
			);
			name = "Protocol Objects";
			sourceTree = "<group>";
		};
/* End PBXGroup section */

/* Begin PBXNativeTarget section */
		E6039CA815B266BB00F0EB36 /* OrderFood */ = {
			isa = PBXNativeTarget;
			buildConfigurationList = E6039CCA15B266BB00F0EB36 /* Build configuration list for PBXNativeTarget "OrderFood" */;
			buildPhases = (
				E6039CA515B266BB00F0EB36 /* Sources */,
				E6039CA615B266BB00F0EB36 /* Frameworks */,
				E6039CA715B266BB00F0EB36 /* Resources */,
			);
			buildRules = (
			);
			dependencies = (
			);
			name = OrderFood;
			productName = OrderFood;
			productReference = E6039CA915B266BB00F0EB36 /* OrderFood.app */;
			productType = "com.apple.product-type.application";
		};
/* End PBXNativeTarget section */

/* Begin PBXProject section */
		E6039CA015B266BB00F0EB36 /* Project object */ = {
			isa = PBXProject;
			attributes = {
				LastUpgradeCheck = 0430;
			};
			buildConfigurationList = E6039CA315B266BB00F0EB36 /* Build configuration list for PBXProject "OrderFood" */;
			compatibilityVersion = "Xcode 3.2";
			developmentRegion = English;
			hasScannedForEncodings = 0;
			knownRegions = (
				en,
			);
			mainGroup = E6039C9E15B266BB00F0EB36;
			productRefGroup = E6039CAA15B266BB00F0EB36 /* Products */;
			projectDirPath = "";
			projectRoot = "";
			targets = (
				E6039CA815B266BB00F0EB36 /* OrderFood */,
			);
		};
/* End PBXProject section */

/* Begin PBXResourcesBuildPhase section */
		E6039CA715B266BB00F0EB36 /* Resources */ = {
			isa = PBXResourcesBuildPhase;
			buildActionMask = 2147483647;
			files = (
				E6039CB815B266BB00F0EB36 /* InfoPlist.strings in Resources */,
				E6039CC115B266BB00F0EB36 /* MainStoryboard.storyboard in Resources */,
				E6039CD315B269B800F0EB36 /* stores.plist in Resources */,
				E678AC9D15B3982C00E27A15 /* foodGenericHd.png in Resources */,
				E678ACA015B3999100E27A15 /* callGenericHd.png in Resources */,
				E678ACA615B3A1C800E27A15 /* File3.png in Resources */,
				E678ACB015B3C23D00E27A15 /* logo_almacen.png in Resources */,
				E678ACB115B3C23D00E27A15 /* logo_romario.jpg in Resources */,
				E678ACB215B3C23D00E27A15 /* logo_sushi_club.jpg in Resources */,
				E678ACB315B3C23D00E27A15 /* logo_sushi_pop.jpg in Resources */,
				E678ACB715B3C76B00E27A15 /* foodGenericHdcopy.png in Resources */,
			);
			runOnlyForDeploymentPostprocessing = 0;
		};
/* End PBXResourcesBuildPhase section */

/* Begin PBXSourcesBuildPhase section */
		E6039CA515B266BB00F0EB36 /* Sources */ = {
			isa = PBXSourcesBuildPhase;
			buildActionMask = 2147483647;
			files = (
				E6039CBA15B266BB00F0EB36 /* main.m in Sources */,
				E6039CBE15B266BB00F0EB36 /* AppDelegate.m in Sources */,
				E6039CC415B266BB00F0EB36 /* MasterViewController.m in Sources */,
				E6039CC715B266BB00F0EB36 /* DetailViewController.m in Sources */,
				E6039CD115B2680500F0EB36 /* FoodStore.m in Sources */,
				E677C56F15B477DA00A08BBD /* MapViewController.m in Sources */,
				E677C57315B4907400A08BBD /* MyAnnotation.m in Sources */,
			);
			runOnlyForDeploymentPostprocessing = 0;
		};
/* End PBXSourcesBuildPhase section */

/* Begin PBXVariantGroup section */
		E6039CB615B266BB00F0EB36 /* InfoPlist.strings */ = {
			isa = PBXVariantGroup;
			children = (
				E6039CB715B266BB00F0EB36 /* en */,
			);
			name = InfoPlist.strings;
			sourceTree = "<group>";
		};
		E6039CBF15B266BB00F0EB36 /* MainStoryboard.storyboard */ = {
			isa = PBXVariantGroup;
			children = (
				E6039CC015B266BB00F0EB36 /* en */,
			);
			name = MainStoryboard.storyboard;
			sourceTree = "<group>";
		};
/* End PBXVariantGroup section */

/* Begin XCBuildConfiguration section */
		E6039CC815B266BB00F0EB36 /* Debug */ = {
			isa = XCBuildConfiguration;
			buildSettings = {
				ALWAYS_SEARCH_USER_PATHS = NO;
				ARCHS = "$(ARCHS_STANDARD_32_BIT)";
				CLANG_ENABLE_OBJC_ARC = YES;
				"CODE_SIGN_IDENTITY[sdk=iphoneos*]" = "iPhone Developer";
				COPY_PHASE_STRIP = NO;
				GCC_C_LANGUAGE_STANDARD = gnu99;
				GCC_DYNAMIC_NO_PIC = NO;
				GCC_OPTIMIZATION_LEVEL = 0;
				GCC_PREPROCESSOR_DEFINITIONS = (
					"DEBUG=1",
					"$(inherited)",
				);
				GCC_SYMBOLS_PRIVATE_EXTERN = NO;
				GCC_VERSION = com.apple.compilers.llvm.clang.1_0;
				GCC_WARN_ABOUT_RETURN_TYPE = YES;
				GCC_WARN_UNINITIALIZED_AUTOS = YES;
				GCC_WARN_UNUSED_VARIABLE = YES;
				IPHONEOS_DEPLOYMENT_TARGET = 5.1;
				SDKROOT = iphoneos;
			};
			name = Debug;
		};
		E6039CC915B266BB00F0EB36 /* Release */ = {
			isa = XCBuildConfiguration;
			buildSettings = {
				ALWAYS_SEARCH_USER_PATHS = NO;
				ARCHS = "$(ARCHS_STANDARD_32_BIT)";
				CLANG_ENABLE_OBJC_ARC = YES;
				"CODE_SIGN_IDENTITY[sdk=iphoneos*]" = "iPhone Developer";
				COPY_PHASE_STRIP = YES;
				GCC_C_LANGUAGE_STANDARD = gnu99;
				GCC_VERSION = com.apple.compilers.llvm.clang.1_0;
				GCC_WARN_ABOUT_RETURN_TYPE = YES;
				GCC_WARN_UNINITIALIZED_AUTOS = YES;
				GCC_WARN_UNUSED_VARIABLE = YES;
				IPHONEOS_DEPLOYMENT_TARGET = 5.1;
				OTHER_CFLAGS = "-DNS_BLOCK_ASSERTIONS=1";
				SDKROOT = iphoneos;
				VALIDATE_PRODUCT = YES;
			};
			name = Release;
		};
		E6039CCB15B266BB00F0EB36 /* Debug */ = {
			isa = XCBuildConfiguration;
			buildSettings = {
				GCC_PRECOMPILE_PREFIX_HEADER = YES;
				GCC_PREFIX_HEADER = "OrderFood/OrderFood-Prefix.pch";
				INFOPLIST_FILE = "OrderFood/OrderFood-Info.plist";
				PRODUCT_NAME = "$(TARGET_NAME)";
				WRAPPER_EXTENSION = app;
			};
			name = Debug;
		};
		E6039CCC15B266BB00F0EB36 /* Release */ = {
			isa = XCBuildConfiguration;
			buildSettings = {
				GCC_PRECOMPILE_PREFIX_HEADER = YES;
				GCC_PREFIX_HEADER = "OrderFood/OrderFood-Prefix.pch";
				INFOPLIST_FILE = "OrderFood/OrderFood-Info.plist";
				PRODUCT_NAME = "$(TARGET_NAME)";
				WRAPPER_EXTENSION = app;
			};
			name = Release;
		};
/* End XCBuildConfiguration section */

/* Begin XCConfigurationList section */
		E6039CA315B266BB00F0EB36 /* Build configuration list for PBXProject "OrderFood" */ = {
			isa = XCConfigurationList;
			buildConfigurations = (
				E6039CC815B266BB00F0EB36 /* Debug */,
				E6039CC915B266BB00F0EB36 /* Release */,
			);
			defaultConfigurationIsVisible = 0;
			defaultConfigurationName = Release;
		};
		E6039CCA15B266BB00F0EB36 /* Build configuration list for PBXNativeTarget "OrderFood" */ = {
			isa = XCConfigurationList;
			buildConfigurations = (
				E6039CCB15B266BB00F0EB36 /* Debug */,
				E6039CCC15B266BB00F0EB36 /* Release */,
			);
			defaultConfigurationIsVisible = 0;
			defaultConfigurationName = Release;
		};
/* End XCConfigurationList section */
	};
	rootObject = E6039CA015B266BB00F0EB36 /* Project object */;
}
